
Microsoft Visual Studio Solution File, Format Version 12.00
# Visual Studio 15
VisualStudioVersion = 15.0.28307.1267
MinimumVisualStudioVersion = 10.0.40219.1
Project("{8BC9CEB8-8B4A-11D0-8D11-00A0C91BC942}") = "Dif_bits", "Dif_bits\Dif_bits.vcxproj", "{04D04367-5645-46B8-9BA8-C56D263217E5}"
EndProject
Global
	GlobalSection(SolutionConfigurationPlatforms) = preSolution
		Debug|x64 = Debug|x64
		Debug|x86 = Debug|x86
		Release|x64 = Release|x64
		Release|x86 = Release|x86
	EndGlobalSection
	GlobalSection(ProjectConfigurationPlatforms) = postSolution
		{04D04367-5645-46B8-9BA8-C56D263217E5}.Debug|x64.ActiveCfg = Debug|x64
		{04D04367-5645-46B8-9BA8-C56D263217E5}.Debug|x64.Build.0 = Debug|x64
		{04D04367-5645-46B8-9BA8-C56D263217E5}.Debug|x86.ActiveCfg = Debug|Win32
		{04D04367-5645-46B8-9BA8-C56D263217E5}.Debug|x86.Build.0 = Debug|Win32
		{04D04367-5645-46B8-9BA8-C56D263217E5}.Release|x64.ActiveCfg = Release|x64
		{04D04367-5645-46B8-9BA8-C56D263217E5}.Release|x64.Build.0 = Release|x64
		{04D04367-5645-46B8-9BA8-C56D263217E5}.Release|x86.ActiveCfg = Release|Win32
		{04D04367-5645-46B8-9BA8-C56D263217E5}.Release|x86.Build.0 = Release|Win32
	EndGlobalSection
	GlobalSection(SolutionProperties) = preSolution
		HideSolutionNode = FALSE
	EndGlobalSection
	GlobalSection(ExtensibilityGlobals) = postSolution
		SolutionGuid = {9242489F-68FF-469E-912B-3A1762B54F5D}
	EndGlobalSection
EndGlobal
