
Microsoft Visual Studio Solution File, Format Version 12.00
# Visual Studio 15
VisualStudioVersion = 15.0.28307.1267
MinimumVisualStudioVersion = 10.0.40219.1
Project("{8BC9CEB8-8B4A-11D0-8D11-00A0C91BC942}") = "bubble sort", "bubble sort\bubble sort.vcxproj", "{79E037B2-A61B-4C1B-9042-D2602B0A3A3E}"
EndProject
Global
	GlobalSection(SolutionConfigurationPlatforms) = preSolution
		Debug|x64 = Debug|x64
		Debug|x86 = Debug|x86
		Release|x64 = Release|x64
		Release|x86 = Release|x86
	EndGlobalSection
	GlobalSection(ProjectConfigurationPlatforms) = postSolution
		{79E037B2-A61B-4C1B-9042-D2602B0A3A3E}.Debug|x64.ActiveCfg = Debug|x64
		{79E037B2-A61B-4C1B-9042-D2602B0A3A3E}.Debug|x64.Build.0 = Debug|x64
		{79E037B2-A61B-4C1B-9042-D2602B0A3A3E}.Debug|x86.ActiveCfg = Debug|Win32
		{79E037B2-A61B-4C1B-9042-D2602B0A3A3E}.Debug|x86.Build.0 = Debug|Win32
		{79E037B2-A61B-4C1B-9042-D2602B0A3A3E}.Release|x64.ActiveCfg = Release|x64
		{79E037B2-A61B-4C1B-9042-D2602B0A3A3E}.Release|x64.Build.0 = Release|x64
		{79E037B2-A61B-4C1B-9042-D2602B0A3A3E}.Release|x86.ActiveCfg = Release|Win32
		{79E037B2-A61B-4C1B-9042-D2602B0A3A3E}.Release|x86.Build.0 = Release|Win32
	EndGlobalSection
	GlobalSection(SolutionProperties) = preSolution
		HideSolutionNode = FALSE
	EndGlobalSection
	GlobalSection(ExtensibilityGlobals) = postSolution
		SolutionGuid = {B42D742C-29FE-4B9C-BAF9-20576626DEF7}
	EndGlobalSection
EndGlobal
